{
    "_readme": [
        "This file locks the dependencies of your project to a known state",
        "Read more about it at http://getcomposer.org/doc/01-basic-usage.md#composer-lock-the-lock-file"
    ],
    "hash": "6335f5585dea3681130aff7ce98e55a1",
    "packages": [
        {
            "name": "carica/phpcss",
            "version": "dev-master",
            "source": {
                "type": "git",
                "url": "https://github.com/ThomasWeinert/PhpCss.git",
                "reference": "523aee7517e948d746b647c22eafea0a03c95d5a"
            },
            "dist": {
                "type": "zip",
                "url": "https://api.github.com/repos/ThomasWeinert/PhpCss/zipball/523aee7517e948d746b647c22eafea0a03c95d5a",
                "reference": "523aee7517e948d746b647c22eafea0a03c95d5a",
                "shasum": ""
            },
            "require": {
                "php": ">=5.5"
            },
            "type": "library",
            "autoload": {
                "psr-4": {
                    "PhpCss\\": "src/PhpCss"
                },
                "files": [
                    "src/PhpCss.php"
                ]
            },
            "notification-url": "https://packagist.org/downloads/",
            "license": [
                "MIT license"
            ],
            "authors": [
                {
                    "name": "Thomas Weinert",
                    "email": "thomas@weinert.info"
                }
            ],
            "description": "An css selector parser and converter",
            "time": "2014-05-25 11:24:30"
        }
    ],
    "packages-dev": [

    ],
    "aliases": [

    ],
    "minimum-stability": "dev",
    "stability-flags": [

    ],
    "platform": [

    ],
    "platform-dev": [

    ]
}
